
Microsoft Visual Studio Solution File, Format Version 12.00
# Visual Studio Version 17
VisualStudioVersion = 17.11.35222.181
MinimumVisualStudioVersion = 10.0.40219.1
Project("{FAE04EC0-301F-11D3-BF4B-00C04F79EFBC}") = "ParallelTests", "ParallelTests\ParallelTests.csproj", "{02D909EE-7780-4FE5-8741-DA5CD71B1C01}"
EndProject
Global
	GlobalSection(SolutionConfigurationPlatforms) = preSolution
		Debug|Any CPU = Debug|Any CPU
		Release|Any CPU = Release|Any CPU
	EndGlobalSection
	GlobalSection(ProjectConfigurationPlatforms) = postSolution
		{02D909EE-7780-4FE5-8741-DA5CD71B1C01}.Debug|Any CPU.ActiveCfg = Debug|Any CPU
		{02D909EE-7780-4FE5-8741-DA5CD71B1C01}.Debug|Any CPU.Build.0 = Debug|Any CPU
		{02D909EE-7780-4FE5-8741-DA5CD71B1C01}.Release|Any CPU.ActiveCfg = Release|Any CPU
		{02D909EE-7780-4FE5-8741-DA5CD71B1C01}.Release|Any CPU.Build.0 = Release|Any CPU
	EndGlobalSection
	GlobalSection(SolutionProperties) = preSolution
		HideSolutionNode = FALSE
	EndGlobalSection
	GlobalSection(ExtensibilityGlobals) = postSolution
		SolutionGuid = {960FD00C-6E5C-402F-A523-EEBBAEB4FCBA}
	EndGlobalSection
EndGlobal
